
Microsoft Visual Studio Solution File, Format Version 12.00
# Visual Studio 15
VisualStudioVersion = 15.0.28010.2036
MinimumVisualStudioVersion = 10.0.40219.1
Project("{FAE04EC0-301F-11D3-BF4B-00C04F79EFBC}") = "PauloFadiniAPI", "PauloFadiniAPI\PauloFadiniAPI.csproj", "{06660BF4-F631-4284-BA01-AE555384C4E0}"
EndProject
Project("{FAE04EC0-301F-11D3-BF4B-00C04F79EFBC}") = "PauloFadiniMVC", "PauloFadiniMVC\PauloFadiniMVC.csproj", "{C0047777-756C-4990-9F32-DBD1B2E8501A}"
EndProject
Global
	GlobalSection(SolutionConfigurationPlatforms) = preSolution
		Debug|Any CPU = Debug|Any CPU
		Release|Any CPU = Release|Any CPU
	EndGlobalSection
	GlobalSection(ProjectConfigurationPlatforms) = postSolution
		{06660BF4-F631-4284-BA01-AE555384C4E0}.Debug|Any CPU.ActiveCfg = Debug|Any CPU
		{06660BF4-F631-4284-BA01-AE555384C4E0}.Debug|Any CPU.Build.0 = Debug|Any CPU
		{06660BF4-F631-4284-BA01-AE555384C4E0}.Release|Any CPU.ActiveCfg = Release|Any CPU
		{06660BF4-F631-4284-BA01-AE555384C4E0}.Release|Any CPU.Build.0 = Release|Any CPU
		{C0047777-756C-4990-9F32-DBD1B2E8501A}.Debug|Any CPU.ActiveCfg = Debug|Any CPU
		{C0047777-756C-4990-9F32-DBD1B2E8501A}.Debug|Any CPU.Build.0 = Debug|Any CPU
		{C0047777-756C-4990-9F32-DBD1B2E8501A}.Release|Any CPU.ActiveCfg = Release|Any CPU
		{C0047777-756C-4990-9F32-DBD1B2E8501A}.Release|Any CPU.Build.0 = Release|Any CPU
	EndGlobalSection
	GlobalSection(SolutionProperties) = preSolution
		HideSolutionNode = FALSE
	EndGlobalSection
	GlobalSection(ExtensibilityGlobals) = postSolution
		SolutionGuid = {CF55283B-E95C-4BD9-BD81-45081B4D7076}
	EndGlobalSection
EndGlobal
